
Microsoft Visual Studio Solution File, Format Version 12.00
# Visual Studio Version 16
VisualStudioVersion = 16.0.30028.174
MinimumVisualStudioVersion = 10.0.40219.1
Project("{9A19103F-16F7-4668-BE54-9A1E7A4F7556}") = "Changelog", "Changelog.csproj", "{35583743-8BC9-4B91-BD05-44F2B44A8E1D}"
EndProject
Global
	GlobalSection(SolutionConfigurationPlatforms) = preSolution
		Debug|Any CPU = Debug|Any CPU
		Release|Any CPU = Release|Any CPU
	EndGlobalSection
	GlobalSection(ProjectConfigurationPlatforms) = postSolution
		{35583743-8BC9-4B91-BD05-44F2B44A8E1D}.Debug|Any CPU.ActiveCfg = Debug|Any CPU
		{35583743-8BC9-4B91-BD05-44F2B44A8E1D}.Debug|Any CPU.Build.0 = Debug|Any CPU
		{35583743-8BC9-4B91-BD05-44F2B44A8E1D}.Release|Any CPU.ActiveCfg = Release|Any CPU
		{35583743-8BC9-4B91-BD05-44F2B44A8E1D}.Release|Any CPU.Build.0 = Release|Any CPU
	EndGlobalSection
	GlobalSection(SolutionProperties) = preSolution
		HideSolutionNode = FALSE
	EndGlobalSection
	GlobalSection(ExtensibilityGlobals) = postSolution
		SolutionGuid = {51B3B6BF-815F-406E-AB85-5860D2DBF6B4}
	EndGlobalSection
EndGlobal
